
Microsoft Visual Studio Solution File, Format Version 12.00
# Visual Studio Version 17
VisualStudioVersion = 17.13.35828.75 d17.13
MinimumVisualStudioVersion = 10.0.40219.1
Project("{FAE04EC0-301F-11D3-BF4B-00C04F79EFBC}") = "AddressBook.Web", "AddressBook.Web\AddressBook.Web.csproj", "{2D61F4E1-A155-4F1C-B54F-636501764FF1}"
EndProject
Global
	GlobalSection(SolutionConfigurationPlatforms) = preSolution
		Debug|Any CPU = Debug|Any CPU
		Release|Any CPU = Release|Any CPU
	EndGlobalSection
	GlobalSection(ProjectConfigurationPlatforms) = postSolution
		{2D61F4E1-A155-4F1C-B54F-636501764FF1}.Debug|Any CPU.ActiveCfg = Debug|Any CPU
		{2D61F4E1-A155-4F1C-B54F-636501764FF1}.Debug|Any CPU.Build.0 = Debug|Any CPU
		{2D61F4E1-A155-4F1C-B54F-636501764FF1}.Release|Any CPU.ActiveCfg = Release|Any CPU
		{2D61F4E1-A155-4F1C-B54F-636501764FF1}.Release|Any CPU.Build.0 = Release|Any CPU
	EndGlobalSection
	GlobalSection(SolutionProperties) = preSolution
		HideSolutionNode = FALSE
	EndGlobalSection
	GlobalSection(ExtensibilityGlobals) = postSolution
		SolutionGuid = {C7FE85E2-25A6-4528-9FCF-53A57437FB6B}
	EndGlobalSection
EndGlobal
